<Solution>
  <Folder Name="/src/">
    <File Path="docs/AIVES_DB.txt" />
    <Project Path="src/AIVES.BusinessLogicLayer/AIVES.BusinessLogicLayer.csproj" />
    <Project Path="src/AIVES.DataAccessLayer/AIVES.DataAccessLayer.csproj" />
    <Project Path="src/AIVES.PresentationLayer/AIVES.PresentationLayer.csproj" />
  </Folder>
  <Folder Name="/tests/">
    <Project Path="tests/AIVES.Tests/AIVES.Tests.csproj" />
  </Folder>
</Solution>
